Microsoft Visual Studio Solution File, Format Version 12.00
# Visual Studio Version 17
VisualStudioVersion = 17.5.2.0
MinimumVisualStudioVersion = 10.0.40219.1
Project("{FAE04EC0-301F-11D3-BF4B-00C04F79EFBC}") = "CaesarCipher", "CaesarCipher.csproj", "{C311B8D3-39B6-C631-37C5-8AADD16003EE}"
EndProject
Global
	GlobalSection(SolutionConfigurationPlatforms) = preSolution
		Debug|Any CPU = Debug|Any CPU
		Release|Any CPU = Release|Any CPU
	EndGlobalSection
	GlobalSection(ProjectConfigurationPlatforms) = postSolution
		{C311B8D3-39B6-C631-37C5-8AADD16003EE}.Debug|Any CPU.ActiveCfg = Debug|Any CPU
		{C311B8D3-39B6-C631-37C5-8AADD16003EE}.Debug|Any CPU.Build.0 = Debug|Any CPU
		{C311B8D3-39B6-C631-37C5-8AADD16003EE}.Release|Any CPU.ActiveCfg = Release|Any CPU
		{C311B8D3-39B6-C631-37C5-8AADD16003EE}.Release|Any CPU.Build.0 = Release|Any CPU
	EndGlobalSection
	GlobalSection(SolutionProperties) = preSolution
		HideSolutionNode = FALSE
	EndGlobalSection
	GlobalSection(ExtensibilityGlobals) = postSolution
		SolutionGuid = {15E8FBBE-147F-42B1-8983-E959DD22738D}
	EndGlobalSection
EndGlobal
